
Microsoft Visual Studio Solution File, Format Version 12.00
# Visual Studio Version 17
VisualStudioVersion = 17.4.33122.133
MinimumVisualStudioVersion = 10.0.40219.1
Project("{FAE04EC0-301F-11D3-BF4B-00C04F79EFBC}") = "Calculatrice", "Calculatrice\Calculatrice.csproj", "{CE8BEDAB-FEAA-4508-B0D1-0A8122E87391}"
EndProject
Global
	GlobalSection(SolutionConfigurationPlatforms) = preSolution
		Debug|Any CPU = Debug|Any CPU
		Release|Any CPU = Release|Any CPU
	EndGlobalSection
	GlobalSection(ProjectConfigurationPlatforms) = postSolution
		{CE8BEDAB-FEAA-4508-B0D1-0A8122E87391}.Debug|Any CPU.ActiveCfg = Debug|Any CPU
		{CE8BEDAB-FEAA-4508-B0D1-0A8122E87391}.Debug|Any CPU.Build.0 = Debug|Any CPU
		{CE8BEDAB-FEAA-4508-B0D1-0A8122E87391}.Release|Any CPU.ActiveCfg = Release|Any CPU
		{CE8BEDAB-FEAA-4508-B0D1-0A8122E87391}.Release|Any CPU.Build.0 = Release|Any CPU
	EndGlobalSection
	GlobalSection(SolutionProperties) = preSolution
		HideSolutionNode = FALSE
	EndGlobalSection
	GlobalSection(ExtensibilityGlobals) = postSolution
		SolutionGuid = {477C7FAB-5E6C-4199-BC7F-77F7C6A37594}
	EndGlobalSection
EndGlobal
